
Microsoft Visual Studio Solution File, Format Version 12.00
# Visual Studio Version 17
VisualStudioVersion = 17.0.31903.59
MinimumVisualStudioVersion = 10.0.40219.1
Project("{FAE04EC0-301F-11D3-BF4B-00C04F79EFBC}") = "Employee.WebApi", "Employee.WebApi\Employee.WebApi.csproj", "{6E9F82C9-2D25-47F7-B922-9A93EC04ECB6}"
EndProject
Project("{FAE04EC0-301F-11D3-BF4B-00C04F79EFBC}") = "Employee.Business", "Employee.Business\Employee.Business.csproj", "{420AE0E9-C05B-411C-A17F-D70464B77D52}"
EndProject
Project("{FAE04EC0-301F-11D3-BF4B-00C04F79EFBC}") = "Employee.DataAccess", "Employee.DataAccess\Employee.DataAccess.csproj", "{B8579891-1412-45E1-A0BA-80FA7AEEE345}"
EndProject
Project("{FAE04EC0-301F-11D3-BF4B-00C04F79EFBC}") = "Employee.Business.UnitTest", "Employee.Business.UnitTest\Employee.Business.UnitTest.csproj", "{7D897A3A-9E48-4F26-BC71-DE1F10A96F06}"
EndProject
Global
	GlobalSection(SolutionConfigurationPlatforms) = preSolution
		Debug|Any CPU = Debug|Any CPU
		Release|Any CPU = Release|Any CPU
	EndGlobalSection
	GlobalSection(SolutionProperties) = preSolution
		HideSolutionNode = FALSE
	EndGlobalSection
	GlobalSection(ProjectConfigurationPlatforms) = postSolution
		{6E9F82C9-2D25-47F7-B922-9A93EC04ECB6}.Debug|Any CPU.ActiveCfg = Debug|Any CPU
		{6E9F82C9-2D25-47F7-B922-9A93EC04ECB6}.Debug|Any CPU.Build.0 = Debug|Any CPU
		{6E9F82C9-2D25-47F7-B922-9A93EC04ECB6}.Release|Any CPU.ActiveCfg = Release|Any CPU
		{6E9F82C9-2D25-47F7-B922-9A93EC04ECB6}.Release|Any CPU.Build.0 = Release|Any CPU
		{420AE0E9-C05B-411C-A17F-D70464B77D52}.Debug|Any CPU.ActiveCfg = Debug|Any CPU
		{420AE0E9-C05B-411C-A17F-D70464B77D52}.Debug|Any CPU.Build.0 = Debug|Any CPU
		{420AE0E9-C05B-411C-A17F-D70464B77D52}.Release|Any CPU.ActiveCfg = Release|Any CPU
		{420AE0E9-C05B-411C-A17F-D70464B77D52}.Release|Any CPU.Build.0 = Release|Any CPU
		{B8579891-1412-45E1-A0BA-80FA7AEEE345}.Debug|Any CPU.ActiveCfg = Debug|Any CPU
		{B8579891-1412-45E1-A0BA-80FA7AEEE345}.Debug|Any CPU.Build.0 = Debug|Any CPU
		{B8579891-1412-45E1-A0BA-80FA7AEEE345}.Release|Any CPU.ActiveCfg = Release|Any CPU
		{B8579891-1412-45E1-A0BA-80FA7AEEE345}.Release|Any CPU.Build.0 = Release|Any CPU
		{7D897A3A-9E48-4F26-BC71-DE1F10A96F06}.Debug|Any CPU.ActiveCfg = Debug|Any CPU
		{7D897A3A-9E48-4F26-BC71-DE1F10A96F06}.Debug|Any CPU.Build.0 = Debug|Any CPU
		{7D897A3A-9E48-4F26-BC71-DE1F10A96F06}.Release|Any CPU.ActiveCfg = Release|Any CPU
		{7D897A3A-9E48-4F26-BC71-DE1F10A96F06}.Release|Any CPU.Build.0 = Release|Any CPU
	EndGlobalSection
EndGlobal
